{
  "name": "wechat-weapp-movie",
  "version": "1.0.0",
  "lockfileVersion": 1,
  "requires": true,
  "dependencies": {
    "phoenix": {
      "version": "1.7.11",
      "resolved": "https://registry.npmjs.org/phoenix/-/phoenix-1.7.11.tgz",
      "integrity": "sha512-aeikMR/Qh6gAygY45d5p/B7srqH60h0GbCIauEAStAtRUq4hvlkzDTyDj1NJidJEV9IKFhZe7f9L+zosUJdF/g=="
    },
    "supabase-wechat-stable-v2": {
      "version": "2.1.7",
      "resolved": "https://registry.npmjs.org/supabase-wechat-stable-v2/-/supabase-wechat-stable-v2-2.1.7.tgz",
      "integrity": "sha512-HGtvC8lhw/RmZtekxZh9vEyE6m7y1oJkzFFVXpPgxOT3M6nHtn1ib3im1J/B4rdHTVuDehlDFp28CndUSw9/pQ==",
      "requires": {
        "phoenix": "^1.6.16"
      }
    }
  }
}
